// !$*UTF8*$!
{
	archiveVersion = 1;
	classes = {
	};
	objectVersion = 46;
	objects = {

/* Begin PBXBuildFile section */
		92D0B41DC5209E93CB3D25C1 /* Pods_SnapKitDemo1.framework in Frameworks */ = {isa = PBXBuildFile; fileRef = 1BACD6BEC5A32F4A8BC62B94 /* Pods_SnapKitDemo1.framework */; };
		A27A4EFF1DF412E00065C69F /* HelloWorld.framework in Frameworks */ = {isa = PBXBuildFile; fileRef = A27A4EFE1DF412E00065C69F /* HelloWorld.framework */; };
		A27A4F001DF412E60065C69F /* HelloWorld.framework in CopyFiles */ = {isa = PBXBuildFile; fileRef = A27A4EFE1DF412E00065C69F /* HelloWorld.framework */; settings = {ATTRIBUTES = (CodeSignOnCopy, RemoveHeadersOnCopy, ); }; };
		AA1181791DF6932A000EF87D /* SwipeViewController.swift in Sources */ = {isa = PBXBuildFile; fileRef = AA1181781DF6932A000EF87D /* SwipeViewController.swift */; };
		AA11817B1DF696B1000EF87D /* SwipeView.swift in Sources */ = {isa = PBXBuildFile; fileRef = AA11817A1DF696B1000EF87D /* SwipeView.swift */; };
		AA11817D1DF6AC96000EF87D /* SwipeCell.swift in Sources */ = {isa = PBXBuildFile; fileRef = AA11817C1DF6AC96000EF87D /* SwipeCell.swift */; };
		AA11817F1DF83302000EF87D /* LDMarquee.swift in Sources */ = {isa = PBXBuildFile; fileRef = AA11817E1DF83302000EF87D /* LDMarquee.swift */; };
		AA1181831DF902B8000EF87D /* PersonalViewController.swift in Sources */ = {isa = PBXBuildFile; fileRef = AA1181821DF902B8000EF87D /* PersonalViewController.swift */; };
		AA1181851DF90359000EF87D /* ScaleAvatar.swift in Sources */ = {isa = PBXBuildFile; fileRef = AA1181841DF90359000EF87D /* ScaleAvatar.swift */; };
		AA1181BA1DFA5659000EF87D /* Extensions.swift in Sources */ = {isa = PBXBuildFile; fileRef = AA1181B91DFA5659000EF87D /* Extensions.swift */; };
		AA1181C01DFAA296000EF87D /* BaseNavigationViewController.swift in Sources */ = {isa = PBXBuildFile; fileRef = AA1181BE1DFAA296000EF87D /* BaseNavigationViewController.swift */; };
		AA1181C11DFAA296000EF87D /* CustomPrefix.swift in Sources */ = {isa = PBXBuildFile; fileRef = AA1181BF1DFAA296000EF87D /* CustomPrefix.swift */; };
		AA1181C61DFB9643000EF87D /* BaseBrush.swift in Sources */ = {isa = PBXBuildFile; fileRef = AA1181C51DFB9643000EF87D /* BaseBrush.swift */; };
		AA1181C81DFB97CD000EF87D /* Board.swift in Sources */ = {isa = PBXBuildFile; fileRef = AA1181C71DFB97CD000EF87D /* Board.swift */; };
		AA1181CA1DFB9DEB000EF87D /* PencilBrush.swift in Sources */ = {isa = PBXBuildFile; fileRef = AA1181C91DFB9DEB000EF87D /* PencilBrush.swift */; };
		AA1181CC1DFBA0D2000EF87D /* LineBrush.swift in Sources */ = {isa = PBXBuildFile; fileRef = AA1181CB1DFBA0D2000EF87D /* LineBrush.swift */; };
		AA1181CE1DFBA18F000EF87D /* DashLineBrush.swift in Sources */ = {isa = PBXBuildFile; fileRef = AA1181CD1DFBA18F000EF87D /* DashLineBrush.swift */; };
		AA1181D01DFBA23A000EF87D /* RectangleBrush.swift in Sources */ = {isa = PBXBuildFile; fileRef = AA1181CF1DFBA23A000EF87D /* RectangleBrush.swift */; };
		AA1181D21DFBA38C000EF87D /* EllipseBrush.swift in Sources */ = {isa = PBXBuildFile; fileRef = AA1181D11DFBA38C000EF87D /* EllipseBrush.swift */; };
		AA1181D41DFBA43B000EF87D /* EraserBrush.swift in Sources */ = {isa = PBXBuildFile; fileRef = AA1181D31DFBA43B000EF87D /* EraserBrush.swift */; };
		AA1181D61DFBA6FF000EF87D /* BoardViewController.swift in Sources */ = {isa = PBXBuildFile; fileRef = AA1181D51DFBA6FF000EF87D /* BoardViewController.swift */; };
		AA1181DA1DFC57CB000EF87D /* SettingBrush.swift in Sources */ = {isa = PBXBuildFile; fileRef = AA1181D91DFC57CB000EF87D /* SettingBrush.swift */; };
		AA1181DD1DFE49F5000EF87D /* PanViewController.swift in Sources */ = {isa = PBXBuildFile; fileRef = AA1181DC1DFE49F5000EF87D /* PanViewController.swift */; };
		AA1181DF1DFE9926000EF87D /* ActionSheet.swift in Sources */ = {isa = PBXBuildFile; fileRef = AA1181DE1DFE9925000EF87D /* ActionSheet.swift */; };
		AA5020A81E03E24900AF8409 /* URLSessionViewController.swift in Sources */ = {isa = PBXBuildFile; fileRef = AA5020A71E03E24900AF8409 /* URLSessionViewController.swift */; };
		AA6681921DBDEE9300D496E9 /* AppDelegate.swift in Sources */ = {isa = PBXBuildFile; fileRef = AA6681911DBDEE9300D496E9 /* AppDelegate.swift */; };
		AA6681941DBDEE9300D496E9 /* ViewController.swift in Sources */ = {isa = PBXBuildFile; fileRef = AA6681931DBDEE9300D496E9 /* ViewController.swift */; };
		AA6681971DBDEE9300D496E9 /* Main.storyboard in Resources */ = {isa = PBXBuildFile; fileRef = AA6681951DBDEE9300D496E9 /* Main.storyboard */; };
		AA6681991DBDEE9300D496E9 /* Assets.xcassets in Resources */ = {isa = PBXBuildFile; fileRef = AA6681981DBDEE9300D496E9 /* Assets.xcassets */; };
		AA66819C1DBDEE9300D496E9 /* LaunchScreen.storyboard in Resources */ = {isa = PBXBuildFile; fileRef = AA66819A1DBDEE9300D496E9 /* LaunchScreen.storyboard */; };
		AA6681A41DBDF9C700D496E9 /* NextViewController.swift in Sources */ = {isa = PBXBuildFile; fileRef = AA6681A31DBDF9C700D496E9 /* NextViewController.swift */; };
		AA6E642B1DC6EE3600137DD8 /* DDPopCategory.swift in Sources */ = {isa = PBXBuildFile; fileRef = AA6E642A1DC6EE3600137DD8 /* DDPopCategory.swift */; };
		AA6E642D1DC71B5D00137DD8 /* DDPopWindow.swift in Sources */ = {isa = PBXBuildFile; fileRef = AA6E642C1DC71B5D00137DD8 /* DDPopWindow.swift */; };
		AA6E642F1DC7210300137DD8 /* DDBasePopView.swift in Sources */ = {isa = PBXBuildFile; fileRef = AA6E642E1DC7210300137DD8 /* DDBasePopView.swift */; };
		AA6E64311DC74E8800137DD8 /* DDPopManager.swift in Sources */ = {isa = PBXBuildFile; fileRef = AA6E64301DC74E8800137DD8 /* DDPopManager.swift */; };
		AA6E64331DC750E900137DD8 /* CustomAlert.swift in Sources */ = {isa = PBXBuildFile; fileRef = AA6E64321DC750E900137DD8 /* CustomAlert.swift */; };
		AAF26FDF1DFF962500C4FF26 /* CollectionViewController.swift in Sources */ = {isa = PBXBuildFile; fileRef = AAF26FDE1DFF962500C4FF26 /* CollectionViewController.swift */; };
		AAF26FE11DFF963F00C4FF26 /* EditorCollectionViewCell.swift in Sources */ = {isa = PBXBuildFile; fileRef = AAF26FE01DFF963F00C4FF26 /* EditorCollectionViewCell.swift */; };
		AAF26FE31DFFDE4300C4FF26 /* PuzzleViewController.swift in Sources */ = {isa = PBXBuildFile; fileRef = AAF26FE21DFFDE4300C4FF26 /* PuzzleViewController.swift */; };
		AAF26FE51DFFDE6700C4FF26 /* PuzzleView.swift in Sources */ = {isa = PBXBuildFile; fileRef = AAF26FE41DFFDE6700C4FF26 /* PuzzleView.swift */; };
		AAF26FF01DFFDF5E00C4FF26 /* image1.png in Resources */ = {isa = PBXBuildFile; fileRef = AAF26FE71DFFDF5E00C4FF26 /* image1.png */; };
		AAF26FF11DFFDF5E00C4FF26 /* image2.png in Resources */ = {isa = PBXBuildFile; fileRef = AAF26FE81DFFDF5E00C4FF26 /* image2.png */; };
		AAF26FF21DFFDF5E00C4FF26 /* image3.png in Resources */ = {isa = PBXBuildFile; fileRef = AAF26FE91DFFDF5E00C4FF26 /* image3.png */; };
		AAF26FF31DFFDF5E00C4FF26 /* image4.png in Resources */ = {isa = PBXBuildFile; fileRef = AAF26FEA1DFFDF5E00C4FF26 /* image4.png */; };
		AAF26FF41DFFDF5E00C4FF26 /* image5.png in Resources */ = {isa = PBXBuildFile; fileRef = AAF26FEB1DFFDF5E00C4FF26 /* image5.png */; };
		AAF26FF51DFFDF5E00C4FF26 /* image6.png in Resources */ = {isa = PBXBuildFile; fileRef = AAF26FEC1DFFDF5E00C4FF26 /* image6.png */; };
		AAF26FF61DFFDF5E00C4FF26 /* image7.png in Resources */ = {isa = PBXBuildFile; fileRef = AAF26FED1DFFDF5E00C4FF26 /* image7.png */; };
		AAF26FF71DFFDF5E00C4FF26 /* image8.png in Resources */ = {isa = PBXBuildFile; fileRef = AAF26FEE1DFFDF5E00C4FF26 /* image8.png */; };
		AAF26FF81DFFDF5E00C4FF26 /* image9.png in Resources */ = {isa = PBXBuildFile; fileRef = AAF26FEF1DFFDF5E00C4FF26 /* image9.png */; };
/* End PBXBuildFile section */

/* Begin PBXCopyFilesBuildPhase section */
		A27A4EC01DF3D8110065C69F /* CopyFiles */ = {
			isa = PBXCopyFilesBuildPhase;
			buildActionMask = 2147483647;
			dstPath = "";
			dstSubfolderSpec = 10;
			files = (
				A27A4F001DF412E60065C69F /* HelloWorld.framework in CopyFiles */,
			);
			runOnlyForDeploymentPostprocessing = 0;
		};
/* End PBXCopyFilesBuildPhase section */

/* Begin PBXFileReference section */
		1BACD6BEC5A32F4A8BC62B94 /* Pods_SnapKitDemo1.framework */ = {isa = PBXFileReference; explicitFileType = wrapper.framework; includeInIndex = 0; path = Pods_SnapKitDemo1.framework; sourceTree = BUILT_PRODUCTS_DIR; };
		7CD21BD17FD2074DC497641F /* Pods-SnapKitDemo1.debug.xcconfig */ = {isa = PBXFileReference; includeInIndex = 1; lastKnownFileType = text.xcconfig; name = "Pods-SnapKitDemo1.debug.xcconfig"; path = "Pods/Target Support Files/Pods-SnapKitDemo1/Pods-SnapKitDemo1.debug.xcconfig"; sourceTree = "<group>"; };
		A27A4EFE1DF412E00065C69F /* HelloWorld.framework */ = {isa = PBXFileReference; lastKnownFileType = wrapper.framework; path = HelloWorld.framework; sourceTree = "<group>"; };
		A3568BC331816293BA9B294E /* Pods-SnapKitDemo1.release.xcconfig */ = {isa = PBXFileReference; includeInIndex = 1; lastKnownFileType = text.xcconfig; name = "Pods-SnapKitDemo1.release.xcconfig"; path = "Pods/Target Support Files/Pods-SnapKitDemo1/Pods-SnapKitDemo1.release.xcconfig"; sourceTree = "<group>"; };
		AA1181781DF6932A000EF87D /* SwipeViewController.swift */ = {isa = PBXFileReference; fileEncoding = 4; lastKnownFileType = sourcecode.swift; path = SwipeViewController.swift; sourceTree = "<group>"; };
		AA11817A1DF696B1000EF87D /* SwipeView.swift */ = {isa = PBXFileReference; fileEncoding = 4; lastKnownFileType = sourcecode.swift; path = SwipeView.swift; sourceTree = "<group>"; };
		AA11817C1DF6AC96000EF87D /* SwipeCell.swift */ = {isa = PBXFileReference; fileEncoding = 4; lastKnownFileType = sourcecode.swift; path = SwipeCell.swift; sourceTree = "<group>"; };
		AA11817E1DF83302000EF87D /* LDMarquee.swift */ = {isa = PBXFileReference; fileEncoding = 4; lastKnownFileType = sourcecode.swift; path = LDMarquee.swift; sourceTree = "<group>"; };
		AA1181821DF902B8000EF87D /* PersonalViewController.swift */ = {isa = PBXFileReference; fileEncoding = 4; lastKnownFileType = sourcecode.swift; path = PersonalViewController.swift; sourceTree = "<group>"; };
		AA1181841DF90359000EF87D /* ScaleAvatar.swift */ = {isa = PBXFileReference; fileEncoding = 4; lastKnownFileType = sourcecode.swift; path = ScaleAvatar.swift; sourceTree = "<group>"; };
		AA1181B91DFA5659000EF87D /* Extensions.swift */ = {isa = PBXFileReference; fileEncoding = 4; lastKnownFileType = sourcecode.swift; path = Extensions.swift; sourceTree = "<group>"; };
		AA1181BE1DFAA296000EF87D /* BaseNavigationViewController.swift */ = {isa = PBXFileReference; fileEncoding = 4; lastKnownFileType = sourcecode.swift; path = BaseNavigationViewController.swift; sourceTree = "<group>"; };
		AA1181BF1DFAA296000EF87D /* CustomPrefix.swift */ = {isa = PBXFileReference; fileEncoding = 4; lastKnownFileType = sourcecode.swift; path = CustomPrefix.swift; sourceTree = "<group>"; };
		AA1181C51DFB9643000EF87D /* BaseBrush.swift */ = {isa = PBXFileReference; fileEncoding = 4; lastKnownFileType = sourcecode.swift; path = BaseBrush.swift; sourceTree = "<group>"; };
		AA1181C71DFB97CD000EF87D /* Board.swift */ = {isa = PBXFileReference; fileEncoding = 4; lastKnownFileType = sourcecode.swift; path = Board.swift; sourceTree = "<group>"; };
		AA1181C91DFB9DEB000EF87D /* PencilBrush.swift */ = {isa = PBXFileReference; fileEncoding = 4; lastKnownFileType = sourcecode.swift; path = PencilBrush.swift; sourceTree = "<group>"; };
		AA1181CB1DFBA0D2000EF87D /* LineBrush.swift */ = {isa = PBXFileReference; fileEncoding = 4; lastKnownFileType = sourcecode.swift; path = LineBrush.swift; sourceTree = "<group>"; };
		AA1181CD1DFBA18F000EF87D /* DashLineBrush.swift */ = {isa = PBXFileReference; fileEncoding = 4; lastKnownFileType = sourcecode.swift; path = DashLineBrush.swift; sourceTree = "<group>"; };
		AA1181CF1DFBA23A000EF87D /* RectangleBrush.swift */ = {isa = PBXFileReference; fileEncoding = 4; lastKnownFileType = sourcecode.swift; path = RectangleBrush.swift; sourceTree = "<group>"; };
		AA1181D11DFBA38C000EF87D /* EllipseBrush.swift */ = {isa = PBXFileReference; fileEncoding = 4; lastKnownFileType = sourcecode.swift; path = EllipseBrush.swift; sourceTree = "<group>"; };
		AA1181D31DFBA43B000EF87D /* EraserBrush.swift */ = {isa = PBXFileReference; fileEncoding = 4; lastKnownFileType = sourcecode.swift; path = EraserBrush.swift; sourceTree = "<group>"; };
		AA1181D51DFBA6FF000EF87D /* BoardViewController.swift */ = {isa = PBXFileReference; fileEncoding = 4; lastKnownFileType = sourcecode.swift; path = BoardViewController.swift; sourceTree = "<group>"; };
		AA1181D91DFC57CB000EF87D /* SettingBrush.swift */ = {isa = PBXFileReference; fileEncoding = 4; lastKnownFileType = sourcecode.swift; path = SettingBrush.swift; sourceTree = "<group>"; };
		AA1181DC1DFE49F5000EF87D /* PanViewController.swift */ = {isa = PBXFileReference; fileEncoding = 4; lastKnownFileType = sourcecode.swift; path = PanViewController.swift; sourceTree = "<group>"; };
		AA1181DE1DFE9925000EF87D /* ActionSheet.swift */ = {isa = PBXFileReference; fileEncoding = 4; lastKnownFileType = sourcecode.swift; path = ActionSheet.swift; sourceTree = "<group>"; };
		AA5020A71E03E24900AF8409 /* URLSessionViewController.swift */ = {isa = PBXFileReference; fileEncoding = 4; lastKnownFileType = sourcecode.swift; path = URLSessionViewController.swift; sourceTree = "<group>"; };
		AA66818E1DBDEE9300D496E9 /* SnapKitDemo1.app */ = {isa = PBXFileReference; explicitFileType = wrapper.application; includeInIndex = 0; path = SnapKitDemo1.app; sourceTree = BUILT_PRODUCTS_DIR; };
		AA6681911DBDEE9300D496E9 /* AppDelegate.swift */ = {isa = PBXFileReference; lastKnownFileType = sourcecode.swift; path = AppDelegate.swift; sourceTree = "<group>"; };
		AA6681931DBDEE9300D496E9 /* ViewController.swift */ = {isa = PBXFileReference; lastKnownFileType = sourcecode.swift; path = ViewController.swift; sourceTree = "<group>"; };
		AA6681961DBDEE9300D496E9 /* Base */ = {isa = PBXFileReference; lastKnownFileType = file.storyboard; name = Base; path = Base.lproj/Main.storyboard; sourceTree = "<group>"; };
		AA6681981DBDEE9300D496E9 /* Assets.xcassets */ = {isa = PBXFileReference; lastKnownFileType = folder.assetcatalog; path = Assets.xcassets; sourceTree = "<group>"; };
		AA66819B1DBDEE9300D496E9 /* Base */ = {isa = PBXFileReference; lastKnownFileType = file.storyboard; name = Base; path = Base.lproj/LaunchScreen.storyboard; sourceTree = "<group>"; };
		AA66819D1DBDEE9300D496E9 /* Info.plist */ = {isa = PBXFileReference; lastKnownFileType = text.plist.xml; path = Info.plist; sourceTree = "<group>"; };
		AA6681A31DBDF9C700D496E9 /* NextViewController.swift */ = {isa = PBXFileReference; fileEncoding = 4; lastKnownFileType = sourcecode.swift; path = NextViewController.swift; sourceTree = "<group>"; };
		AA6E642A1DC6EE3600137DD8 /* DDPopCategory.swift */ = {isa = PBXFileReference; fileEncoding = 4; lastKnownFileType = sourcecode.swift; path = DDPopCategory.swift; sourceTree = "<group>"; };
		AA6E642C1DC71B5D00137DD8 /* DDPopWindow.swift */ = {isa = PBXFileReference; fileEncoding = 4; lastKnownFileType = sourcecode.swift; path = DDPopWindow.swift; sourceTree = "<group>"; };
		AA6E642E1DC7210300137DD8 /* DDBasePopView.swift */ = {isa = PBXFileReference; fileEncoding = 4; lastKnownFileType = sourcecode.swift; path = DDBasePopView.swift; sourceTree = "<group>"; };
		AA6E64301DC74E8800137DD8 /* DDPopManager.swift */ = {isa = PBXFileReference; fileEncoding = 4; lastKnownFileType = sourcecode.swift; path = DDPopManager.swift; sourceTree = "<group>"; };
		AA6E64321DC750E900137DD8 /* CustomAlert.swift */ = {isa = PBXFileReference; fileEncoding = 4; lastKnownFileType = sourcecode.swift; path = CustomAlert.swift; sourceTree = "<group>"; };
		AAF26FDE1DFF962500C4FF26 /* CollectionViewController.swift */ = {isa = PBXFileReference; fileEncoding = 4; lastKnownFileType = sourcecode.swift; path = CollectionViewController.swift; sourceTree = "<group>"; };
		AAF26FE01DFF963F00C4FF26 /* EditorCollectionViewCell.swift */ = {isa = PBXFileReference; fileEncoding = 4; lastKnownFileType = sourcecode.swift; path = EditorCollectionViewCell.swift; sourceTree = "<group>"; };
		AAF26FE21DFFDE4300C4FF26 /* PuzzleViewController.swift */ = {isa = PBXFileReference; fileEncoding = 4; lastKnownFileType = sourcecode.swift; path = PuzzleViewController.swift; sourceTree = "<group>"; };
		AAF26FE41DFFDE6700C4FF26 /* PuzzleView.swift */ = {isa = PBXFileReference; fileEncoding = 4; lastKnownFileType = sourcecode.swift; path = PuzzleView.swift; sourceTree = "<group>"; };
		AAF26FE71DFFDF5E00C4FF26 /* image1.png */ = {isa = PBXFileReference; lastKnownFileType = image.png; path = image1.png; sourceTree = "<group>"; };
		AAF26FE81DFFDF5E00C4FF26 /* image2.png */ = {isa = PBXFileReference; lastKnownFileType = image.png; path = image2.png; sourceTree = "<group>"; };
		AAF26FE91DFFDF5E00C4FF26 /* image3.png */ = {isa = PBXFileReference; lastKnownFileType = image.png; path = image3.png; sourceTree = "<group>"; };
		AAF26FEA1DFFDF5E00C4FF26 /* image4.png */ = {isa = PBXFileReference; lastKnownFileType = image.png; path = image4.png; sourceTree = "<group>"; };
		AAF26FEB1DFFDF5E00C4FF26 /* image5.png */ = {isa = PBXFileReference; lastKnownFileType = image.png; path = image5.png; sourceTree = "<group>"; };
		AAF26FEC1DFFDF5E00C4FF26 /* image6.png */ = {isa = PBXFileReference; lastKnownFileType = image.png; path = image6.png; sourceTree = "<group>"; };
		AAF26FED1DFFDF5E00C4FF26 /* image7.png */ = {isa = PBXFileReference; lastKnownFileType = image.png; path = image7.png; sourceTree = "<group>"; };
		AAF26FEE1DFFDF5E00C4FF26 /* image8.png */ = {isa = PBXFileReference; lastKnownFileType = image.png; path = image8.png; sourceTree = "<group>"; };
		AAF26FEF1DFFDF5E00C4FF26 /* image9.png */ = {isa = PBXFileReference; lastKnownFileType = image.png; path = image9.png; sourceTree = "<group>"; };
/* End PBXFileReference section */

/* Begin PBXFrameworksBuildPhase section */
		AA66818B1DBDEE9300D496E9 /* Frameworks */ = {
			isa = PBXFrameworksBuildPhase;
			buildActionMask = 2147483647;
			files = (
				A27A4EFF1DF412E00065C69F /* HelloWorld.framework in Frameworks */,
				92D0B41DC5209E93CB3D25C1 /* Pods_SnapKitDemo1.framework in Frameworks */,
			);
			runOnlyForDeploymentPostprocessing = 0;
		};
/* End PBXFrameworksBuildPhase section */

/* Begin PBXGroup section */
		2A967E659D842B0490FB73A8 /* Pods */ = {
			isa = PBXGroup;
			children = (
				7CD21BD17FD2074DC497641F /* Pods-SnapKitDemo1.debug.xcconfig */,
				A3568BC331816293BA9B294E /* Pods-SnapKitDemo1.release.xcconfig */,
			);
			name = Pods;
			sourceTree = "<group>";
		};
		8594AB4E1100A82DD989B5C2 /* Frameworks */ = {
			isa = PBXGroup;
			children = (
				1BACD6BEC5A32F4A8BC62B94 /* Pods_SnapKitDemo1.framework */,
			);
			name = Frameworks;
			sourceTree = "<group>";
		};
		AA1181BD1DFAA296000EF87D /* Base */ = {
			isa = PBXGroup;
			children = (
				AA1181BE1DFAA296000EF87D /* BaseNavigationViewController.swift */,
				AA1181BF1DFAA296000EF87D /* CustomPrefix.swift */,
			);
			path = Base;
			sourceTree = "<group>";
		};
		AA1181C41DFAFDD8000EF87D /* DrawingBoard */ = {
			isa = PBXGroup;
			children = (
				AA1181C51DFB9643000EF87D /* BaseBrush.swift */,
				AA1181C71DFB97CD000EF87D /* Board.swift */,
				AA1181C91DFB9DEB000EF87D /* PencilBrush.swift */,
				AA1181CB1DFBA0D2000EF87D /* LineBrush.swift */,
				AA1181CD1DFBA18F000EF87D /* DashLineBrush.swift */,
				AA1181CF1DFBA23A000EF87D /* RectangleBrush.swift */,
				AA1181D11DFBA38C000EF87D /* EllipseBrush.swift */,
				AA1181D31DFBA43B000EF87D /* EraserBrush.swift */,
				AA1181D91DFC57CB000EF87D /* SettingBrush.swift */,
			);
			path = DrawingBoard;
			sourceTree = "<group>";
		};
		AA1181DB1DFE4737000EF87D /* Pan */ = {
			isa = PBXGroup;
			children = (
				AA1181DC1DFE49F5000EF87D /* PanViewController.swift */,
				AAF26FE21DFFDE4300C4FF26 /* PuzzleViewController.swift */,
				AA1181DE1DFE9925000EF87D /* ActionSheet.swift */,
				AAF26FE41DFFDE6700C4FF26 /* PuzzleView.swift */,
			);
			path = Pan;
			sourceTree = "<group>";
		};
		AA5020A61E03E1C700AF8409 /* URLSession */ = {
			isa = PBXGroup;
			children = (
				AA5020A71E03E24900AF8409 /* URLSessionViewController.swift */,
			);
			path = URLSession;
			sourceTree = "<group>";
		};
		AA6681851DBDEE9300D496E9 = {
			isa = PBXGroup;
			children = (
				AA6681901DBDEE9300D496E9 /* SnapKitDemo1 */,
				AA66818F1DBDEE9300D496E9 /* Products */,
				2A967E659D842B0490FB73A8 /* Pods */,
				8594AB4E1100A82DD989B5C2 /* Frameworks */,
			);
			sourceTree = "<group>";
		};
		AA66818F1DBDEE9300D496E9 /* Products */ = {
			isa = PBXGroup;
			children = (
				AA66818E1DBDEE9300D496E9 /* SnapKitDemo1.app */,
			);
			name = Products;
			sourceTree = "<group>";
		};
		AA6681901DBDEE9300D496E9 /* SnapKitDemo1 */ = {
			isa = PBXGroup;
			children = (
				AA5020A61E03E1C700AF8409 /* URLSession */,
				AAF26FE61DFFDF5E00C4FF26 /* sources */,
				AAF26FDD1DFF95FF00C4FF26 /* Editor */,
				AA1181DB1DFE4737000EF87D /* Pan */,
				AA1181C41DFAFDD8000EF87D /* DrawingBoard */,
				AA1181BD1DFAA296000EF87D /* Base */,
				A27A4EFE1DF412E00065C69F /* HelloWorld.framework */,
				AA6E64291DC6ECF200137DD8 /* Pop */,
				AA6681911DBDEE9300D496E9 /* AppDelegate.swift */,
				AA1181D51DFBA6FF000EF87D /* BoardViewController.swift */,
				AA1181B91DFA5659000EF87D /* Extensions.swift */,
				AA6681931DBDEE9300D496E9 /* ViewController.swift */,
				AA1181841DF90359000EF87D /* ScaleAvatar.swift */,
				AA1181821DF902B8000EF87D /* PersonalViewController.swift */,
				AA11817E1DF83302000EF87D /* LDMarquee.swift */,
				AA11817A1DF696B1000EF87D /* SwipeView.swift */,
				AA11817C1DF6AC96000EF87D /* SwipeCell.swift */,
				AA1181781DF6932A000EF87D /* SwipeViewController.swift */,
				AA6681A31DBDF9C700D496E9 /* NextViewController.swift */,
				AA6681951DBDEE9300D496E9 /* Main.storyboard */,
				AA6681981DBDEE9300D496E9 /* Assets.xcassets */,
				AA66819A1DBDEE9300D496E9 /* LaunchScreen.storyboard */,
				AA66819D1DBDEE9300D496E9 /* Info.plist */,
			);
			path = SnapKitDemo1;
			sourceTree = "<group>";
		};
		AA6E64291DC6ECF200137DD8 /* Pop */ = {
			isa = PBXGroup;
			children = (
				AA6E642A1DC6EE3600137DD8 /* DDPopCategory.swift */,
				AA6E642C1DC71B5D00137DD8 /* DDPopWindow.swift */,
				AA6E642E1DC7210300137DD8 /* DDBasePopView.swift */,
				AA6E64301DC74E8800137DD8 /* DDPopManager.swift */,
				AA6E64321DC750E900137DD8 /* CustomAlert.swift */,
			);
			path = Pop;
			sourceTree = "<group>";
		};
		AAF26FDD1DFF95FF00C4FF26 /* Editor */ = {
			isa = PBXGroup;
			children = (
				AAF26FDE1DFF962500C4FF26 /* CollectionViewController.swift */,
				AAF26FE01DFF963F00C4FF26 /* EditorCollectionViewCell.swift */,
			);
			path = Editor;
			sourceTree = "<group>";
		};
		AAF26FE61DFFDF5E00C4FF26 /* sources */ = {
			isa = PBXGroup;
			children = (
				AAF26FE71DFFDF5E00C4FF26 /* image1.png */,
				AAF26FE81DFFDF5E00C4FF26 /* image2.png */,
				AAF26FE91DFFDF5E00C4FF26 /* image3.png */,
				AAF26FEA1DFFDF5E00C4FF26 /* image4.png */,
				AAF26FEB1DFFDF5E00C4FF26 /* image5.png */,
				AAF26FEC1DFFDF5E00C4FF26 /* image6.png */,
				AAF26FED1DFFDF5E00C4FF26 /* image7.png */,
				AAF26FEE1DFFDF5E00C4FF26 /* image8.png */,
				AAF26FEF1DFFDF5E00C4FF26 /* image9.png */,
			);
			path = sources;
			sourceTree = "<group>";
		};
/* End PBXGroup section */

/* Begin PBXNativeTarget section */
		AA66818D1DBDEE9300D496E9 /* SnapKitDemo1 */ = {
			isa = PBXNativeTarget;
			buildConfigurationList = AA6681A01DBDEE9300D496E9 /* Build configuration list for PBXNativeTarget "SnapKitDemo1" */;
			buildPhases = (
				4B11A7CAB87DCA08007724A7 /* [CP] Check Pods Manifest.lock */,
				AA66818A1DBDEE9300D496E9 /* Sources */,
				AA66818B1DBDEE9300D496E9 /* Frameworks */,
				AA66818C1DBDEE9300D496E9 /* Resources */,
				F97A959BC7A33711ED49D879 /* [CP] Embed Pods Frameworks */,
				E4C9D859A75C26663D8869DD /* [CP] Copy Pods Resources */,
				A27A4EC01DF3D8110065C69F /* CopyFiles */,
			);
			buildRules = (
			);
			dependencies = (
			);
			name = SnapKitDemo1;
			productName = SnapKitDemo1;
			productReference = AA66818E1DBDEE9300D496E9 /* SnapKitDemo1.app */;
			productType = "com.apple.product-type.application";
		};
/* End PBXNativeTarget section */

/* Begin PBXProject section */
		AA6681861DBDEE9300D496E9 /* Project object */ = {
			isa = PBXProject;
			attributes = {
				LastSwiftUpdateCheck = 0800;
				LastUpgradeCheck = 0800;
				ORGANIZATIONNAME = com;
				TargetAttributes = {
					AA66818D1DBDEE9300D496E9 = {
						CreatedOnToolsVersion = 8.0;
						DevelopmentTeam = KJJM44RE5C;
						ProvisioningStyle = Automatic;
					};
				};
			};
			buildConfigurationList = AA6681891DBDEE9300D496E9 /* Build configuration list for PBXProject "SnapKitDemo1" */;
			compatibilityVersion = "Xcode 3.2";
			developmentRegion = English;
			hasScannedForEncodings = 0;
			knownRegions = (
				en,
				Base,
			);
			mainGroup = AA6681851DBDEE9300D496E9;
			productRefGroup = AA66818F1DBDEE9300D496E9 /* Products */;
			projectDirPath = "";
			projectRoot = "";
			targets = (
				AA66818D1DBDEE9300D496E9 /* SnapKitDemo1 */,
			);
		};
/* End PBXProject section */

/* Begin PBXResourcesBuildPhase section */
		AA66818C1DBDEE9300D496E9 /* Resources */ = {
			isa = PBXResourcesBuildPhase;
			buildActionMask = 2147483647;
			files = (
				AA66819C1DBDEE9300D496E9 /* LaunchScreen.storyboard in Resources */,
				AAF26FF81DFFDF5E00C4FF26 /* image9.png in Resources */,
				AAF26FF61DFFDF5E00C4FF26 /* image7.png in Resources */,
				AAF26FF51DFFDF5E00C4FF26 /* image6.png in Resources */,
				AAF26FF71DFFDF5E00C4FF26 /* image8.png in Resources */,
				AAF26FF21DFFDF5E00C4FF26 /* image3.png in Resources */,
				AAF26FF11DFFDF5E00C4FF26 /* image2.png in Resources */,
				AAF26FF01DFFDF5E00C4FF26 /* image1.png in Resources */,
				AAF26FF31DFFDF5E00C4FF26 /* image4.png in Resources */,
				AAF26FF41DFFDF5E00C4FF26 /* image5.png in Resources */,
				AA6681991DBDEE9300D496E9 /* Assets.xcassets in Resources */,
				AA6681971DBDEE9300D496E9 /* Main.storyboard in Resources */,
			);
			runOnlyForDeploymentPostprocessing = 0;
		};
/* End PBXResourcesBuildPhase section */

/* Begin PBXShellScriptBuildPhase section */
		4B11A7CAB87DCA08007724A7 /* [CP] Check Pods Manifest.lock */ = {
			isa = PBXShellScriptBuildPhase;
			buildActionMask = 2147483647;
			files = (
			);
			inputPaths = (
			);
			name = "[CP] Check Pods Manifest.lock";
			outputPaths = (
			);
			runOnlyForDeploymentPostprocessing = 0;
			shellPath = /bin/sh;
			shellScript = "diff \"${PODS_ROOT}/../Podfile.lock\" \"${PODS_ROOT}/Manifest.lock\" > /dev/null\nif [ $? != 0 ] ; then\n    # print error to STDERR\n    echo \"error: The sandbox is not in sync with the Podfile.lock. Run 'pod install' or update your CocoaPods installation.\" >&2\n    exit 1\nfi\n";
			showEnvVarsInLog = 0;
		};
		E4C9D859A75C26663D8869DD /* [CP] Copy Pods Resources */ = {
			isa = PBXShellScriptBuildPhase;
			buildActionMask = 2147483647;
			files = (
			);
			inputPaths = (
			);
			name = "[CP] Copy Pods Resources";
			outputPaths = (
			);
			runOnlyForDeploymentPostprocessing = 0;
			shellPath = /bin/sh;
			shellScript = "\"${SRCROOT}/Pods/Target Support Files/Pods-SnapKitDemo1/Pods-SnapKitDemo1-resources.sh\"\n";
			showEnvVarsInLog = 0;
		};
		F97A959BC7A33711ED49D879 /* [CP] Embed Pods Frameworks */ = {
			isa = PBXShellScriptBuildPhase;
			buildActionMask = 2147483647;
			files = (
			);
			inputPaths = (
			);
			name = "[CP] Embed Pods Frameworks";
			outputPaths = (
			);
			runOnlyForDeploymentPostprocessing = 0;
			shellPath = /bin/sh;
			shellScript = "\"${SRCROOT}/Pods/Target Support Files/Pods-SnapKitDemo1/Pods-SnapKitDemo1-frameworks.sh\"\n";
			showEnvVarsInLog = 0;
		};
/* End PBXShellScriptBuildPhase section */

/* Begin PBXSourcesBuildPhase section */
		AA66818A1DBDEE9300D496E9 /* Sources */ = {
			isa = PBXSourcesBuildPhase;
			buildActionMask = 2147483647;
			files = (
				AA6681941DBDEE9300D496E9 /* ViewController.swift in Sources */,
				AA5020A81E03E24900AF8409 /* URLSessionViewController.swift in Sources */,
				AA1181C81DFB97CD000EF87D /* Board.swift in Sources */,
				AA1181851DF90359000EF87D /* ScaleAvatar.swift in Sources */,
				AA6E642D1DC71B5D00137DD8 /* DDPopWindow.swift in Sources */,
				AA1181C11DFAA296000EF87D /* CustomPrefix.swift in Sources */,
				AA11817D1DF6AC96000EF87D /* SwipeCell.swift in Sources */,
				AAF26FE11DFF963F00C4FF26 /* EditorCollectionViewCell.swift in Sources */,
				AAF26FE51DFFDE6700C4FF26 /* PuzzleView.swift in Sources */,
				AA1181C61DFB9643000EF87D /* BaseBrush.swift in Sources */,
				AA11817B1DF696B1000EF87D /* SwipeView.swift in Sources */,
				AA6681A41DBDF9C700D496E9 /* NextViewController.swift in Sources */,
				AA1181CE1DFBA18F000EF87D /* DashLineBrush.swift in Sources */,
				AA6E64311DC74E8800137DD8 /* DDPopManager.swift in Sources */,
				AAF26FDF1DFF962500C4FF26 /* CollectionViewController.swift in Sources */,
				AA1181CA1DFB9DEB000EF87D /* PencilBrush.swift in Sources */,
				AA1181DF1DFE9926000EF87D /* ActionSheet.swift in Sources */,
				AAF26FE31DFFDE4300C4FF26 /* PuzzleViewController.swift in Sources */,
				AA1181831DF902B8000EF87D /* PersonalViewController.swift in Sources */,
				AA6E642F1DC7210300137DD8 /* DDBasePopView.swift in Sources */,
				AA1181791DF6932A000EF87D /* SwipeViewController.swift in Sources */,
				AA1181D01DFBA23A000EF87D /* RectangleBrush.swift in Sources */,
				AA1181D61DFBA6FF000EF87D /* BoardViewController.swift in Sources */,
				AA6681921DBDEE9300D496E9 /* AppDelegate.swift in Sources */,
				AA6E642B1DC6EE3600137DD8 /* DDPopCategory.swift in Sources */,
				AA1181BA1DFA5659000EF87D /* Extensions.swift in Sources */,
				AA1181DD1DFE49F5000EF87D /* PanViewController.swift in Sources */,
				AA1181D41DFBA43B000EF87D /* EraserBrush.swift in Sources */,
				AA1181CC1DFBA0D2000EF87D /* LineBrush.swift in Sources */,
				AA1181C01DFAA296000EF87D /* BaseNavigationViewController.swift in Sources */,
				AA1181D21DFBA38C000EF87D /* EllipseBrush.swift in Sources */,
				AA11817F1DF83302000EF87D /* LDMarquee.swift in Sources */,
				AA6E64331DC750E900137DD8 /* CustomAlert.swift in Sources */,
				AA1181DA1DFC57CB000EF87D /* SettingBrush.swift in Sources */,
			);
			runOnlyForDeploymentPostprocessing = 0;
		};
/* End PBXSourcesBuildPhase section */

/* Begin PBXVariantGroup section */
		AA6681951DBDEE9300D496E9 /* Main.storyboard */ = {
			isa = PBXVariantGroup;
			children = (
				AA6681961DBDEE9300D496E9 /* Base */,
			);
			name = Main.storyboard;
			sourceTree = "<group>";
		};
		AA66819A1DBDEE9300D496E9 /* LaunchScreen.storyboard */ = {
			isa = PBXVariantGroup;
			children = (
				AA66819B1DBDEE9300D496E9 /* Base */,
			);
			name = LaunchScreen.storyboard;
			sourceTree = "<group>";
		};
/* End PBXVariantGroup section */

/* Begin XCBuildConfiguration section */
		AA66819E1DBDEE9300D496E9 /* Debug */ = {
			isa = XCBuildConfiguration;
			buildSettings = {
				ALWAYS_SEARCH_USER_PATHS = NO;
				CLANG_ANALYZER_NONNULL = YES;
				CLANG_CXX_LANGUAGE_STANDARD = "gnu++0x";
				CLANG_CXX_LIBRARY = "libc++";
				CLANG_ENABLE_MODULES = YES;
				CLANG_ENABLE_OBJC_ARC = YES;
				CLANG_WARN_BOOL_CONVERSION = YES;
				CLANG_WARN_CONSTANT_CONVERSION = YES;
				CLANG_WARN_DIRECT_OBJC_ISA_USAGE = YES_ERROR;
				CLANG_WARN_DOCUMENTATION_COMMENTS = YES;
				CLANG_WARN_EMPTY_BODY = YES;
				CLANG_WARN_ENUM_CONVERSION = YES;
				CLANG_WARN_INFINITE_RECURSION = YES;
				CLANG_WARN_INT_CONVERSION = YES;
				CLANG_WARN_OBJC_ROOT_CLASS = YES_ERROR;
				CLANG_WARN_SUSPICIOUS_MOVES = YES;
				CLANG_WARN_UNREACHABLE_CODE = YES;
				CLANG_WARN__DUPLICATE_METHOD_MATCH = YES;
				"CODE_SIGN_IDENTITY[sdk=iphoneos*]" = "iPhone Developer";
				COPY_PHASE_STRIP = NO;
				DEBUG_INFORMATION_FORMAT = dwarf;
				ENABLE_STRICT_OBJC_MSGSEND = YES;
				ENABLE_TESTABILITY = YES;
				GCC_C_LANGUAGE_STANDARD = gnu99;
				GCC_DYNAMIC_NO_PIC = NO;
				GCC_NO_COMMON_BLOCKS = YES;
				GCC_OPTIMIZATION_LEVEL = 0;
				GCC_PREPROCESSOR_DEFINITIONS = (
					"DEBUG=1",
					"$(inherited)",
				);
				GCC_WARN_64_TO_32_BIT_CONVERSION = YES;
				GCC_WARN_ABOUT_RETURN_TYPE = YES_ERROR;
				GCC_WARN_UNDECLARED_SELECTOR = YES;
				GCC_WARN_UNINITIALIZED_AUTOS = YES_AGGRESSIVE;
				GCC_WARN_UNUSED_FUNCTION = YES;
				GCC_WARN_UNUSED_VARIABLE = YES;
				IPHONEOS_DEPLOYMENT_TARGET = 10.0;
				MTL_ENABLE_DEBUG_INFO = YES;
				ONLY_ACTIVE_ARCH = YES;
				SDKROOT = iphoneos;
				SWIFT_ACTIVE_COMPILATION_CONDITIONS = DEBUG;
				SWIFT_OPTIMIZATION_LEVEL = "-Onone";
			};
			name = Debug;
		};
		AA66819F1DBDEE9300D496E9 /* Release */ = {
			isa = XCBuildConfiguration;
			buildSettings = {
				ALWAYS_SEARCH_USER_PATHS = NO;
				CLANG_ANALYZER_NONNULL = YES;
				CLANG_CXX_LANGUAGE_STANDARD = "gnu++0x";
				CLANG_CXX_LIBRARY = "libc++";
				CLANG_ENABLE_MODULES = YES;
				CLANG_ENABLE_OBJC_ARC = YES;
				CLANG_WARN_BOOL_CONVERSION = YES;
				CLANG_WARN_CONSTANT_CONVERSION = YES;
				CLANG_WARN_DIRECT_OBJC_ISA_USAGE = YES_ERROR;
				CLANG_WARN_DOCUMENTATION_COMMENTS = YES;
				CLANG_WARN_EMPTY_BODY = YES;
				CLANG_WARN_ENUM_CONVERSION = YES;
				CLANG_WARN_INFINITE_RECURSION = YES;
				CLANG_WARN_INT_CONVERSION = YES;
				CLANG_WARN_OBJC_ROOT_CLASS = YES_ERROR;
				CLANG_WARN_SUSPICIOUS_MOVES = YES;
				CLANG_WARN_UNREACHABLE_CODE = YES;
				CLANG_WARN__DUPLICATE_METHOD_MATCH = YES;
				"CODE_SIGN_IDENTITY[sdk=iphoneos*]" = "iPhone Developer";
				COPY_PHASE_STRIP = NO;
				DEBUG_INFORMATION_FORMAT = "dwarf-with-dsym";
				ENABLE_NS_ASSERTIONS = NO;
				ENABLE_STRICT_OBJC_MSGSEND = YES;
				GCC_C_LANGUAGE_STANDARD = gnu99;
				GCC_NO_COMMON_BLOCKS = YES;
				GCC_WARN_64_TO_32_BIT_CONVERSION = YES;
				GCC_WARN_ABOUT_RETURN_TYPE = YES_ERROR;
				GCC_WARN_UNDECLARED_SELECTOR = YES;
				GCC_WARN_UNINITIALIZED_AUTOS = YES_AGGRESSIVE;
				GCC_WARN_UNUSED_FUNCTION = YES;
				GCC_WARN_UNUSED_VARIABLE = YES;
				IPHONEOS_DEPLOYMENT_TARGET = 10.0;
				MTL_ENABLE_DEBUG_INFO = NO;
				SDKROOT = iphoneos;
				SWIFT_OPTIMIZATION_LEVEL = "-Owholemodule";
				VALIDATE_PRODUCT = YES;
			};
			name = Release;
		};
		AA6681A11DBDEE9300D496E9 /* Debug */ = {
			isa = XCBuildConfiguration;
			baseConfigurationReference = 7CD21BD17FD2074DC497641F /* Pods-SnapKitDemo1.debug.xcconfig */;
			buildSettings = {
				ASSETCATALOG_COMPILER_APPICON_NAME = AppIcon;
				DEVELOPMENT_TEAM = KJJM44RE5C;
				FRAMEWORK_SEARCH_PATHS = (
					"$(inherited)",
					"$(PROJECT_DIR)/SnapKitDemo1",
				);
				HEADER_SEARCH_PATHS = "";
				INFOPLIST_FILE = SnapKitDemo1/Info.plist;
				IPHONEOS_DEPLOYMENT_TARGET = 9.0;
				LD_RUNPATH_SEARCH_PATHS = "$(inherited) @executable_path/Frameworks";
				PRODUCT_BUNDLE_IDENTIFIER = Pingan.SnapKitDemo1;
				PRODUCT_NAME = "$(TARGET_NAME)";
				SWIFT_VERSION = 3.0;
			};
			name = Debug;
		};
		AA6681A21DBDEE9300D496E9 /* Release */ = {
			isa = XCBuildConfiguration;
			baseConfigurationReference = A3568BC331816293BA9B294E /* Pods-SnapKitDemo1.release.xcconfig */;
			buildSettings = {
				ASSETCATALOG_COMPILER_APPICON_NAME = AppIcon;
				DEVELOPMENT_TEAM = KJJM44RE5C;
				FRAMEWORK_SEARCH_PATHS = (
					"$(inherited)",
					"$(PROJECT_DIR)/SnapKitDemo1",
				);
				HEADER_SEARCH_PATHS = "";
				INFOPLIST_FILE = SnapKitDemo1/Info.plist;
				IPHONEOS_DEPLOYMENT_TARGET = 9.0;
				LD_RUNPATH_SEARCH_PATHS = "$(inherited) @executable_path/Frameworks";
				PRODUCT_BUNDLE_IDENTIFIER = Pingan.SnapKitDemo1;
				PRODUCT_NAME = "$(TARGET_NAME)";
				SWIFT_VERSION = 3.0;
			};
			name = Release;
		};
/* End XCBuildConfiguration section */

/* Begin XCConfigurationList section */
		AA6681891DBDEE9300D496E9 /* Build configuration list for PBXProject "SnapKitDemo1" */ = {
			isa = XCConfigurationList;
			buildConfigurations = (
				AA66819E1DBDEE9300D496E9 /* Debug */,
				AA66819F1DBDEE9300D496E9 /* Release */,
			);
			defaultConfigurationIsVisible = 0;
			defaultConfigurationName = Release;
		};
		AA6681A01DBDEE9300D496E9 /* Build configuration list for PBXNativeTarget "SnapKitDemo1" */ = {
			isa = XCConfigurationList;
			buildConfigurations = (
				AA6681A11DBDEE9300D496E9 /* Debug */,
				AA6681A21DBDEE9300D496E9 /* Release */,
			);
			defaultConfigurationIsVisible = 0;
			defaultConfigurationName = Release;
		};
/* End XCConfigurationList section */
	};
	rootObject = AA6681861DBDEE9300D496E9 /* Project object */;
}
